
Microsoft Visual Studio Solution File, Format Version 12.00
# Visual Studio Version 16
VisualStudioVersion = 16.0.28621.142
MinimumVisualStudioVersion = 10.0.40219.1
Project("{9A19103F-16F7-4668-BE54-9A1E7A4F7556}") = "Template.MVC", "Template.MVC\Template.MVC.csproj", "{1520C593-B125-4150-9CF8-7C1695575996}"
EndProject
Project("{9A19103F-16F7-4668-BE54-9A1E7A4F7556}") = "Template.Services", "Template.Services\Template.Services.csproj", "{4C1EFED7-5150-49B4-A2CC-7B170BCE29D8}"
EndProject
Project("{9A19103F-16F7-4668-BE54-9A1E7A4F7556}") = "Template.Models", "Template.Models\Template.Models.csproj", "{05AFDE9D-D9E4-4693-A501-1BE6CB82C914}"
EndProject
Project("{9A19103F-16F7-4668-BE54-9A1E7A4F7556}") = "Template.Infrastructure", "Template.Infrastructure\Template.Infrastructure.csproj", "{19573A0E-E6E2-45F8-B9A0-1E66772BC9EB}"
EndProject
Project("{9A19103F-16F7-4668-BE54-9A1E7A4F7556}") = "Template.Common", "Template.Common\Template.Common.csproj", "{2760FCE4-C0BC-472F-AB57-95C9608E84AA}"
EndProject
Project("{00D1A9C2-B5F0-4AF3-8072-F6C62B433612}") = "Template.Database", "Template.Database\Template.Database.sqlproj", "{22DB86E0-BD4E-4186-BD71-3D4F70AFB59A}"
EndProject
Project("{9A19103F-16F7-4668-BE54-9A1E7A4F7556}") = "Template.Tests", "Template.Tests\Template.Tests.csproj", "{DC493483-150B-48A1-A093-556F195E78A4}"
EndProject
Global
	GlobalSection(SolutionConfigurationPlatforms) = preSolution
		Debug|Any CPU = Debug|Any CPU
		Release|Any CPU = Release|Any CPU
	EndGlobalSection
	GlobalSection(ProjectConfigurationPlatforms) = postSolution
		{1520C593-B125-4150-9CF8-7C1695575996}.Debug|Any CPU.ActiveCfg = Debug|Any CPU
		{1520C593-B125-4150-9CF8-7C1695575996}.Debug|Any CPU.Build.0 = Debug|Any CPU
		{1520C593-B125-4150-9CF8-7C1695575996}.Release|Any CPU.ActiveCfg = Release|Any CPU
		{1520C593-B125-4150-9CF8-7C1695575996}.Release|Any CPU.Build.0 = Release|Any CPU
		{4C1EFED7-5150-49B4-A2CC-7B170BCE29D8}.Debug|Any CPU.ActiveCfg = Debug|Any CPU
		{4C1EFED7-5150-49B4-A2CC-7B170BCE29D8}.Debug|Any CPU.Build.0 = Debug|Any CPU
		{4C1EFED7-5150-49B4-A2CC-7B170BCE29D8}.Release|Any CPU.ActiveCfg = Release|Any CPU
		{4C1EFED7-5150-49B4-A2CC-7B170BCE29D8}.Release|Any CPU.Build.0 = Release|Any CPU
		{05AFDE9D-D9E4-4693-A501-1BE6CB82C914}.Debug|Any CPU.ActiveCfg = Debug|Any CPU
		{05AFDE9D-D9E4-4693-A501-1BE6CB82C914}.Debug|Any CPU.Build.0 = Debug|Any CPU
		{05AFDE9D-D9E4-4693-A501-1BE6CB82C914}.Release|Any CPU.ActiveCfg = Release|Any CPU
		{05AFDE9D-D9E4-4693-A501-1BE6CB82C914}.Release|Any CPU.Build.0 = Release|Any CPU
		{19573A0E-E6E2-45F8-B9A0-1E66772BC9EB}.Debug|Any CPU.ActiveCfg = Debug|Any CPU
		{19573A0E-E6E2-45F8-B9A0-1E66772BC9EB}.Debug|Any CPU.Build.0 = Debug|Any CPU
		{19573A0E-E6E2-45F8-B9A0-1E66772BC9EB}.Release|Any CPU.ActiveCfg = Release|Any CPU
		{19573A0E-E6E2-45F8-B9A0-1E66772BC9EB}.Release|Any CPU.Build.0 = Release|Any CPU
		{2760FCE4-C0BC-472F-AB57-95C9608E84AA}.Debug|Any CPU.ActiveCfg = Debug|Any CPU
		{2760FCE4-C0BC-472F-AB57-95C9608E84AA}.Debug|Any CPU.Build.0 = Debug|Any CPU
		{2760FCE4-C0BC-472F-AB57-95C9608E84AA}.Release|Any CPU.ActiveCfg = Release|Any CPU
		{2760FCE4-C0BC-472F-AB57-95C9608E84AA}.Release|Any CPU.Build.0 = Release|Any CPU
		{22DB86E0-BD4E-4186-BD71-3D4F70AFB59A}.Debug|Any CPU.ActiveCfg = Debug|Any CPU
		{22DB86E0-BD4E-4186-BD71-3D4F70AFB59A}.Debug|Any CPU.Build.0 = Debug|Any CPU
		{22DB86E0-BD4E-4186-BD71-3D4F70AFB59A}.Debug|Any CPU.Deploy.0 = Debug|Any CPU
		{22DB86E0-BD4E-4186-BD71-3D4F70AFB59A}.Release|Any CPU.ActiveCfg = Release|Any CPU
		{22DB86E0-BD4E-4186-BD71-3D4F70AFB59A}.Release|Any CPU.Build.0 = Release|Any CPU
		{22DB86E0-BD4E-4186-BD71-3D4F70AFB59A}.Release|Any CPU.Deploy.0 = Release|Any CPU
		{DC493483-150B-48A1-A093-556F195E78A4}.Debug|Any CPU.ActiveCfg = Debug|Any CPU
		{DC493483-150B-48A1-A093-556F195E78A4}.Debug|Any CPU.Build.0 = Debug|Any CPU
		{DC493483-150B-48A1-A093-556F195E78A4}.Release|Any CPU.ActiveCfg = Release|Any CPU
		{DC493483-150B-48A1-A093-556F195E78A4}.Release|Any CPU.Build.0 = Release|Any CPU
	EndGlobalSection
	GlobalSection(SolutionProperties) = preSolution
		HideSolutionNode = FALSE
	EndGlobalSection
	GlobalSection(ExtensibilityGlobals) = postSolution
		SolutionGuid = {CE26620E-62CE-4B1F-A3A5-A70885087D30}
	EndGlobalSection
EndGlobal
